
Microsoft Visual Studio Solution File, Format Version 12.00
# Visual Studio Version 16
VisualStudioVersion = 16.0.33214.272
MinimumVisualStudioVersion = 10.0.40219.1
Project("{8BC9CEB8-8B4A-11D0-8D11-00A0C91BC942}") = "item7problema3", "item7problema3\item7problema3.vcxproj", "{BBE5C1F8-1231-4191-BD26-4E2FC8D86164}"
EndProject
Global
	GlobalSection(SolutionConfigurationPlatforms) = preSolution
		Debug|x64 = Debug|x64
		Debug|x86 = Debug|x86
		Release|x64 = Release|x64
		Release|x86 = Release|x86
	EndGlobalSection
	GlobalSection(ProjectConfigurationPlatforms) = postSolution
		{BBE5C1F8-1231-4191-BD26-4E2FC8D86164}.Debug|x64.ActiveCfg = Debug|x64
		{BBE5C1F8-1231-4191-BD26-4E2FC8D86164}.Debug|x64.Build.0 = Debug|x64
		{BBE5C1F8-1231-4191-BD26-4E2FC8D86164}.Debug|x86.ActiveCfg = Debug|Win32
		{BBE5C1F8-1231-4191-BD26-4E2FC8D86164}.Debug|x86.Build.0 = Debug|Win32
		{BBE5C1F8-1231-4191-BD26-4E2FC8D86164}.Release|x64.ActiveCfg = Release|x64
		{BBE5C1F8-1231-4191-BD26-4E2FC8D86164}.Release|x64.Build.0 = Release|x64
		{BBE5C1F8-1231-4191-BD26-4E2FC8D86164}.Release|x86.ActiveCfg = Release|Win32
		{BBE5C1F8-1231-4191-BD26-4E2FC8D86164}.Release|x86.Build.0 = Release|Win32
	EndGlobalSection
	GlobalSection(SolutionProperties) = preSolution
		HideSolutionNode = FALSE
	EndGlobalSection
	GlobalSection(ExtensibilityGlobals) = postSolution
		SolutionGuid = {03460E1E-2B44-44F2-AD60-155F10B4FB16}
	EndGlobalSection
EndGlobal
