
Microsoft Visual Studio Solution File, Format Version 12.00
# Visual Studio Version 16
VisualStudioVersion = 16.0.33214.272
MinimumVisualStudioVersion = 10.0.40219.1
Project("{8BC9CEB8-8B4A-11D0-8D11-00A0C91BC942}") = "item9problema2", "item9problema2\item9problema2.vcxproj", "{1F6A8E0F-1CA6-4CA2-A8E5-96424ED1B56F}"
EndProject
Global
	GlobalSection(SolutionConfigurationPlatforms) = preSolution
		Debug|x64 = Debug|x64
		Debug|x86 = Debug|x86
		Release|x64 = Release|x64
		Release|x86 = Release|x86
	EndGlobalSection
	GlobalSection(ProjectConfigurationPlatforms) = postSolution
		{1F6A8E0F-1CA6-4CA2-A8E5-96424ED1B56F}.Debug|x64.ActiveCfg = Debug|x64
		{1F6A8E0F-1CA6-4CA2-A8E5-96424ED1B56F}.Debug|x64.Build.0 = Debug|x64
		{1F6A8E0F-1CA6-4CA2-A8E5-96424ED1B56F}.Debug|x86.ActiveCfg = Debug|Win32
		{1F6A8E0F-1CA6-4CA2-A8E5-96424ED1B56F}.Debug|x86.Build.0 = Debug|Win32
		{1F6A8E0F-1CA6-4CA2-A8E5-96424ED1B56F}.Release|x64.ActiveCfg = Release|x64
		{1F6A8E0F-1CA6-4CA2-A8E5-96424ED1B56F}.Release|x64.Build.0 = Release|x64
		{1F6A8E0F-1CA6-4CA2-A8E5-96424ED1B56F}.Release|x86.ActiveCfg = Release|Win32
		{1F6A8E0F-1CA6-4CA2-A8E5-96424ED1B56F}.Release|x86.Build.0 = Release|Win32
	EndGlobalSection
	GlobalSection(SolutionProperties) = preSolution
		HideSolutionNode = FALSE
	EndGlobalSection
	GlobalSection(ExtensibilityGlobals) = postSolution
		SolutionGuid = {A2AB1F75-004D-41C6-B60C-A6C2C1A94FF2}
	EndGlobalSection
EndGlobal
